// !$*UTF8*$!
{
	archiveVersion = 1;
	classes = {
	};
	objectVersion = 46;
	objects = {

/* Begin PBXBuildFile section */
		807EE573BD1923A1A5A099D6 /* Pods.framework in Frameworks */ = {isa = PBXBuildFile; fileRef = 17681023C955831439FE6418 /* Pods.framework */; settings = {ATTRIBUTES = (Weak, ); }; };
		F7484C721B05429D00E82475 /* StanfordPlacesClient.swift in Sources */ = {isa = PBXBuildFile; fileRef = F7484C711B05429D00E82475 /* StanfordPlacesClient.swift */; };
		F74D9E061B0C3AFF009A62CC /* SearchResultCell.swift in Sources */ = {isa = PBXBuildFile; fileRef = F74D9E051B0C3AFF009A62CC /* SearchResultCell.swift */; };
		F765760E1B056663002BA744 /* Building.swift in Sources */ = {isa = PBXBuildFile; fileRef = F765760D1B056663002BA744 /* Building.swift */; };
		F7C742C21B052FE00057DD8E /* AppDelegate.swift in Sources */ = {isa = PBXBuildFile; fileRef = F7C742C11B052FE00057DD8E /* AppDelegate.swift */; };
		F7C742C41B052FE00057DD8E /* ViewController.swift in Sources */ = {isa = PBXBuildFile; fileRef = F7C742C31B052FE00057DD8E /* ViewController.swift */; };
		F7C742C71B052FE00057DD8E /* Main.storyboard in Resources */ = {isa = PBXBuildFile; fileRef = F7C742C51B052FE00057DD8E /* Main.storyboard */; };
		F7C742C91B052FE00057DD8E /* Images.xcassets in Resources */ = {isa = PBXBuildFile; fileRef = F7C742C81B052FE00057DD8E /* Images.xcassets */; };
		F7C742CC1B052FE00057DD8E /* LaunchScreen.xib in Resources */ = {isa = PBXBuildFile; fileRef = F7C742CA1B052FE00057DD8E /* LaunchScreen.xib */; };
		F7C742D81B052FE00057DD8E /* StanfordMapTests.swift in Sources */ = {isa = PBXBuildFile; fileRef = F7C742D71B052FE00057DD8E /* StanfordMapTests.swift */; };
		F7C742E21B0531370057DD8E /* LocationManager.swift in Sources */ = {isa = PBXBuildFile; fileRef = F7C742E11B0531370057DD8E /* LocationManager.swift */; };
		F7C742E41B0532120057DD8E /* LoginViewController.swift in Sources */ = {isa = PBXBuildFile; fileRef = F7C742E31B0532120057DD8E /* LoginViewController.swift */; };
		F7C742E61B0532490057DD8E /* MapViewController.swift in Sources */ = {isa = PBXBuildFile; fileRef = F7C742E51B0532490057DD8E /* MapViewController.swift */; };
		F7C742E81B0532950057DD8E /* RegisterViewController.swift in Sources */ = {isa = PBXBuildFile; fileRef = F7C742E71B0532950057DD8E /* RegisterViewController.swift */; };
		F7D1BC2B1B113631007268A7 /* libxml2.dylib in Frameworks */ = {isa = PBXBuildFile; fileRef = F7D1BC2A1B113631007268A7 /* libxml2.dylib */; };
		F7D1BC2D1B114811007268A7 /* DetailViewController.swift in Sources */ = {isa = PBXBuildFile; fileRef = F7D1BC2C1B114811007268A7 /* DetailViewController.swift */; };
		F7F690301B0C2B1900DE6622 /* ContainerViewController.swift in Sources */ = {isa = PBXBuildFile; fileRef = F7F6902F1B0C2B1900DE6622 /* ContainerViewController.swift */; };
/* End PBXBuildFile section */

/* Begin PBXContainerItemProxy section */
		F7C742D21B052FE00057DD8E /* PBXContainerItemProxy */ = {
			isa = PBXContainerItemProxy;
			containerPortal = F7C742B41B052FDF0057DD8E /* Project object */;
			proxyType = 1;
			remoteGlobalIDString = F7C742BB1B052FE00057DD8E;
			remoteInfo = StanfordMap;
		};
/* End PBXContainerItemProxy section */

/* Begin PBXFileReference section */
		0DA35FEA3CAD789F56FB3B85 /* Pods.debug.xcconfig */ = {isa = PBXFileReference; includeInIndex = 1; lastKnownFileType = text.xcconfig; name = Pods.debug.xcconfig; path = "Pods/Target Support Files/Pods/Pods.debug.xcconfig"; sourceTree = "<group>"; };
		17681023C955831439FE6418 /* Pods.framework */ = {isa = PBXFileReference; explicitFileType = wrapper.framework; includeInIndex = 0; path = Pods.framework; sourceTree = BUILT_PRODUCTS_DIR; };
		1784AF9D83B53D2407B5F019 /* Pods.release.xcconfig */ = {isa = PBXFileReference; includeInIndex = 1; lastKnownFileType = text.xcconfig; name = Pods.release.xcconfig; path = "Pods/Target Support Files/Pods/Pods.release.xcconfig"; sourceTree = "<group>"; };
		F7484C711B05429D00E82475 /* StanfordPlacesClient.swift */ = {isa = PBXFileReference; fileEncoding = 4; lastKnownFileType = sourcecode.swift; path = StanfordPlacesClient.swift; sourceTree = "<group>"; };
		F74D9E051B0C3AFF009A62CC /* SearchResultCell.swift */ = {isa = PBXFileReference; fileEncoding = 4; lastKnownFileType = sourcecode.swift; path = SearchResultCell.swift; sourceTree = "<group>"; };
		F765760D1B056663002BA744 /* Building.swift */ = {isa = PBXFileReference; fileEncoding = 4; lastKnownFileType = sourcecode.swift; path = Building.swift; sourceTree = "<group>"; };
		F7C742BC1B052FE00057DD8E /* StanfordMap.app */ = {isa = PBXFileReference; explicitFileType = wrapper.application; includeInIndex = 0; path = StanfordMap.app; sourceTree = BUILT_PRODUCTS_DIR; };
		F7C742C01B052FE00057DD8E /* Info.plist */ = {isa = PBXFileReference; lastKnownFileType = text.plist.xml; path = Info.plist; sourceTree = "<group>"; };
		F7C742C11B052FE00057DD8E /* AppDelegate.swift */ = {isa = PBXFileReference; lastKnownFileType = sourcecode.swift; path = AppDelegate.swift; sourceTree = "<group>"; };
		F7C742C31B052FE00057DD8E /* ViewController.swift */ = {isa = PBXFileReference; lastKnownFileType = sourcecode.swift; path = ViewController.swift; sourceTree = "<group>"; };
		F7C742C61B052FE00057DD8E /* Base */ = {isa = PBXFileReference; lastKnownFileType = file.storyboard; name = Base; path = Base.lproj/Main.storyboard; sourceTree = "<group>"; };
		F7C742C81B052FE00057DD8E /* Images.xcassets */ = {isa = PBXFileReference; lastKnownFileType = folder.assetcatalog; path = Images.xcassets; sourceTree = "<group>"; };
		F7C742CB1B052FE00057DD8E /* Base */ = {isa = PBXFileReference; lastKnownFileType = file.xib; name = Base; path = Base.lproj/LaunchScreen.xib; sourceTree = "<group>"; };
		F7C742D11B052FE00057DD8E /* StanfordMapTests.xctest */ = {isa = PBXFileReference; explicitFileType = wrapper.cfbundle; includeInIndex = 0; path = StanfordMapTests.xctest; sourceTree = BUILT_PRODUCTS_DIR; };
		F7C742D61B052FE00057DD8E /* Info.plist */ = {isa = PBXFileReference; lastKnownFileType = text.plist.xml; path = Info.plist; sourceTree = "<group>"; };
		F7C742D71B052FE00057DD8E /* StanfordMapTests.swift */ = {isa = PBXFileReference; lastKnownFileType = sourcecode.swift; path = StanfordMapTests.swift; sourceTree = "<group>"; };
		F7C742E11B0531370057DD8E /* LocationManager.swift */ = {isa = PBXFileReference; fileEncoding = 4; lastKnownFileType = sourcecode.swift; path = LocationManager.swift; sourceTree = "<group>"; };
		F7C742E31B0532120057DD8E /* LoginViewController.swift */ = {isa = PBXFileReference; fileEncoding = 4; lastKnownFileType = sourcecode.swift; path = LoginViewController.swift; sourceTree = "<group>"; };
		F7C742E51B0532490057DD8E /* MapViewController.swift */ = {isa = PBXFileReference; fileEncoding = 4; lastKnownFileType = sourcecode.swift; path = MapViewController.swift; sourceTree = "<group>"; };
		F7C742E71B0532950057DD8E /* RegisterViewController.swift */ = {isa = PBXFileReference; fileEncoding = 4; lastKnownFileType = sourcecode.swift; path = RegisterViewController.swift; sourceTree = "<group>"; };
		F7C742E91B0532B80057DD8E /* StanfordMap-Bridging-Header.h */ = {isa = PBXFileReference; lastKnownFileType = sourcecode.c.h; path = "StanfordMap-Bridging-Header.h"; sourceTree = "<group>"; };
		F7D1BC2A1B113631007268A7 /* libxml2.dylib */ = {isa = PBXFileReference; lastKnownFileType = "compiled.mach-o.dylib"; name = libxml2.dylib; path = usr/lib/libxml2.dylib; sourceTree = SDKROOT; };
		F7D1BC2C1B114811007268A7 /* DetailViewController.swift */ = {isa = PBXFileReference; fileEncoding = 4; lastKnownFileType = sourcecode.swift; path = DetailViewController.swift; sourceTree = "<group>"; };
		F7F6902F1B0C2B1900DE6622 /* ContainerViewController.swift */ = {isa = PBXFileReference; fileEncoding = 4; lastKnownFileType = sourcecode.swift; path = ContainerViewController.swift; sourceTree = "<group>"; };
/* End PBXFileReference section */

/* Begin PBXFrameworksBuildPhase section */
		F7C742B91B052FE00057DD8E /* Frameworks */ = {
			isa = PBXFrameworksBuildPhase;
			buildActionMask = 2147483647;
			files = (
				F7D1BC2B1B113631007268A7 /* libxml2.dylib in Frameworks */,
				807EE573BD1923A1A5A099D6 /* Pods.framework in Frameworks */,
			);
			runOnlyForDeploymentPostprocessing = 0;
		};
		F7C742CE1B052FE00057DD8E /* Frameworks */ = {
			isa = PBXFrameworksBuildPhase;
			buildActionMask = 2147483647;
			files = (
			);
			runOnlyForDeploymentPostprocessing = 0;
		};
/* End PBXFrameworksBuildPhase section */

/* Begin PBXGroup section */
		9BC145BE6AB45404DDDA0640 /* Frameworks */ = {
			isa = PBXGroup;
			children = (
				F7D1BC2A1B113631007268A7 /* libxml2.dylib */,
				17681023C955831439FE6418 /* Pods.framework */,
			);
			name = Frameworks;
			sourceTree = "<group>";
		};
		A89A8577D6CA8B558E602938 /* Pods */ = {
			isa = PBXGroup;
			children = (
				0DA35FEA3CAD789F56FB3B85 /* Pods.debug.xcconfig */,
				1784AF9D83B53D2407B5F019 /* Pods.release.xcconfig */,
			);
			name = Pods;
			sourceTree = "<group>";
		};
		F7484C6C1B05338B00E82475 /* UI */ = {
			isa = PBXGroup;
			children = (
				F7F6902F1B0C2B1900DE6622 /* ContainerViewController.swift */,
				F7C742E31B0532120057DD8E /* LoginViewController.swift */,
				F7C742E71B0532950057DD8E /* RegisterViewController.swift */,
				F7C742E51B0532490057DD8E /* MapViewController.swift */,
				F7D1BC2C1B114811007268A7 /* DetailViewController.swift */,
				F7C742C31B052FE00057DD8E /* ViewController.swift */,
				F74D9E051B0C3AFF009A62CC /* SearchResultCell.swift */,
			);
			name = UI;
			sourceTree = "<group>";
		};
		F7484C6D1B05339100E82475 /* Managers */ = {
			isa = PBXGroup;
			children = (
				F7C742E11B0531370057DD8E /* LocationManager.swift */,
			);
			name = Managers;
			sourceTree = "<group>";
		};
		F7484C701B05426200E82475 /* Networking */ = {
			isa = PBXGroup;
			children = (
				F7484C711B05429D00E82475 /* StanfordPlacesClient.swift */,
			);
			name = Networking;
			sourceTree = "<group>";
		};
		F765760F1B05666A002BA744 /* Models */ = {
			isa = PBXGroup;
			children = (
				F765760D1B056663002BA744 /* Building.swift */,
			);
			name = Models;
			sourceTree = "<group>";
		};
		F7C742B31B052FDF0057DD8E = {
			isa = PBXGroup;
			children = (
				F7C742BE1B052FE00057DD8E /* StanfordMap */,
				F7C742D41B052FE00057DD8E /* StanfordMapTests */,
				F7C742BD1B052FE00057DD8E /* Products */,
				A89A8577D6CA8B558E602938 /* Pods */,
				9BC145BE6AB45404DDDA0640 /* Frameworks */,
			);
			sourceTree = "<group>";
		};
		F7C742BD1B052FE00057DD8E /* Products */ = {
			isa = PBXGroup;
			children = (
				F7C742BC1B052FE00057DD8E /* StanfordMap.app */,
				F7C742D11B052FE00057DD8E /* StanfordMapTests.xctest */,
			);
			name = Products;
			sourceTree = "<group>";
		};
		F7C742BE1B052FE00057DD8E /* StanfordMap */ = {
			isa = PBXGroup;
			children = (
				F765760F1B05666A002BA744 /* Models */,
				F7484C701B05426200E82475 /* Networking */,
				F7484C6D1B05339100E82475 /* Managers */,
				F7484C6C1B05338B00E82475 /* UI */,
				F7C742C11B052FE00057DD8E /* AppDelegate.swift */,
				F7C742C51B052FE00057DD8E /* Main.storyboard */,
				F7C742C81B052FE00057DD8E /* Images.xcassets */,
				F7C742CA1B052FE00057DD8E /* LaunchScreen.xib */,
				F7C742BF1B052FE00057DD8E /* Supporting Files */,
				F7C742E91B0532B80057DD8E /* StanfordMap-Bridging-Header.h */,
			);
			path = StanfordMap;
			sourceTree = "<group>";
		};
		F7C742BF1B052FE00057DD8E /* Supporting Files */ = {
			isa = PBXGroup;
			children = (
				F7C742C01B052FE00057DD8E /* Info.plist */,
			);
			name = "Supporting Files";
			sourceTree = "<group>";
		};
		F7C742D41B052FE00057DD8E /* StanfordMapTests */ = {
			isa = PBXGroup;
			children = (
				F7C742D71B052FE00057DD8E /* StanfordMapTests.swift */,
				F7C742D51B052FE00057DD8E /* Supporting Files */,
			);
			path = StanfordMapTests;
			sourceTree = "<group>";
		};
		F7C742D51B052FE00057DD8E /* Supporting Files */ = {
			isa = PBXGroup;
			children = (
				F7C742D61B052FE00057DD8E /* Info.plist */,
			);
			name = "Supporting Files";
			sourceTree = "<group>";
		};
/* End PBXGroup section */

/* Begin PBXNativeTarget section */
		F7C742BB1B052FE00057DD8E /* StanfordMap */ = {
			isa = PBXNativeTarget;
			buildConfigurationList = F7C742DB1B052FE00057DD8E /* Build configuration list for PBXNativeTarget "StanfordMap" */;
			buildPhases = (
				22A254DE34E381B793BB324F /* Check Pods Manifest.lock */,
				F7C742B81B052FE00057DD8E /* Sources */,
				F7C742B91B052FE00057DD8E /* Frameworks */,
				F7C742BA1B052FE00057DD8E /* Resources */,
				6CFC9D8ECE24C1EAC7CD298F /* Copy Pods Resources */,
				0090A73E8A731A14783AA6D5 /* Embed Pods Frameworks */,
			);
			buildRules = (
			);
			dependencies = (
			);
			name = StanfordMap;
			productName = StanfordMap;
			productReference = F7C742BC1B052FE00057DD8E /* StanfordMap.app */;
			productType = "com.apple.product-type.application";
		};
		F7C742D01B052FE00057DD8E /* StanfordMapTests */ = {
			isa = PBXNativeTarget;
			buildConfigurationList = F7C742DE1B052FE00057DD8E /* Build configuration list for PBXNativeTarget "StanfordMapTests" */;
			buildPhases = (
				F7C742CD1B052FE00057DD8E /* Sources */,
				F7C742CE1B052FE00057DD8E /* Frameworks */,
				F7C742CF1B052FE00057DD8E /* Resources */,
			);
			buildRules = (
			);
			dependencies = (
				F7C742D31B052FE00057DD8E /* PBXTargetDependency */,
			);
			name = StanfordMapTests;
			productName = StanfordMapTests;
			productReference = F7C742D11B052FE00057DD8E /* StanfordMapTests.xctest */;
			productType = "com.apple.product-type.bundle.unit-test";
		};
/* End PBXNativeTarget section */

/* Begin PBXProject section */
		F7C742B41B052FDF0057DD8E /* Project object */ = {
			isa = PBXProject;
			attributes = {
				LastUpgradeCheck = 0630;
				ORGANIZATIONNAME = "Silicon Valley Insight";
				TargetAttributes = {
					F7C742BB1B052FE00057DD8E = {
						CreatedOnToolsVersion = 6.3.1;
					};
					F7C742D01B052FE00057DD8E = {
						CreatedOnToolsVersion = 6.3.1;
						TestTargetID = F7C742BB1B052FE00057DD8E;
					};
				};
			};
			buildConfigurationList = F7C742B71B052FE00057DD8E /* Build configuration list for PBXProject "StanfordMap" */;
			compatibilityVersion = "Xcode 3.2";
			developmentRegion = English;
			hasScannedForEncodings = 0;
			knownRegions = (
				en,
				Base,
			);
			mainGroup = F7C742B31B052FDF0057DD8E;
			productRefGroup = F7C742BD1B052FE00057DD8E /* Products */;
			projectDirPath = "";
			projectRoot = "";
			targets = (
				F7C742BB1B052FE00057DD8E /* StanfordMap */,
				F7C742D01B052FE00057DD8E /* StanfordMapTests */,
			);
		};
/* End PBXProject section */

/* Begin PBXResourcesBuildPhase section */
		F7C742BA1B052FE00057DD8E /* Resources */ = {
			isa = PBXResourcesBuildPhase;
			buildActionMask = 2147483647;
			files = (
				F7C742C71B052FE00057DD8E /* Main.storyboard in Resources */,
				F7C742CC1B052FE00057DD8E /* LaunchScreen.xib in Resources */,
				F7C742C91B052FE00057DD8E /* Images.xcassets in Resources */,
			);
			runOnlyForDeploymentPostprocessing = 0;
		};
		F7C742CF1B052FE00057DD8E /* Resources */ = {
			isa = PBXResourcesBuildPhase;
			buildActionMask = 2147483647;
			files = (
			);
			runOnlyForDeploymentPostprocessing = 0;
		};
/* End PBXResourcesBuildPhase section */

/* Begin PBXShellScriptBuildPhase section */
		0090A73E8A731A14783AA6D5 /* Embed Pods Frameworks */ = {
			isa = PBXShellScriptBuildPhase;
			buildActionMask = 2147483647;
			files = (
			);
			inputPaths = (
			);
			name = "Embed Pods Frameworks";
			outputPaths = (
			);
			runOnlyForDeploymentPostprocessing = 0;
			shellPath = /bin/sh;
			shellScript = "\"${SRCROOT}/Pods/Target Support Files/Pods/Pods-frameworks.sh\"\n";
			showEnvVarsInLog = 0;
		};
		22A254DE34E381B793BB324F /* Check Pods Manifest.lock */ = {
			isa = PBXShellScriptBuildPhase;
			buildActionMask = 2147483647;
			files = (
			);
			inputPaths = (
			);
			name = "Check Pods Manifest.lock";
			outputPaths = (
			);
			runOnlyForDeploymentPostprocessing = 0;
			shellPath = /bin/sh;
			shellScript = "diff \"${PODS_ROOT}/../Podfile.lock\" \"${PODS_ROOT}/Manifest.lock\" > /dev/null\nif [[ $? != 0 ]] ; then\n    cat << EOM\nerror: The sandbox is not in sync with the Podfile.lock. Run 'pod install' or update your CocoaPods installation.\nEOM\n    exit 1\nfi\n";
			showEnvVarsInLog = 0;
		};
		6CFC9D8ECE24C1EAC7CD298F /* Copy Pods Resources */ = {
			isa = PBXShellScriptBuildPhase;
			buildActionMask = 2147483647;
			files = (
			);
			inputPaths = (
			);
			name = "Copy Pods Resources";
			outputPaths = (
			);
			runOnlyForDeploymentPostprocessing = 0;
			shellPath = /bin/sh;
			shellScript = "\"${SRCROOT}/Pods/Target Support Files/Pods/Pods-resources.sh\"\n";
			showEnvVarsInLog = 0;
		};
/* End PBXShellScriptBuildPhase section */

/* Begin PBXSourcesBuildPhase section */
		F7C742B81B052FE00057DD8E /* Sources */ = {
			isa = PBXSourcesBuildPhase;
			buildActionMask = 2147483647;
			files = (
				F7D1BC2D1B114811007268A7 /* DetailViewController.swift in Sources */,
				F7C742E41B0532120057DD8E /* LoginViewController.swift in Sources */,
				F7C742C41B052FE00057DD8E /* ViewController.swift in Sources */,
				F7F690301B0C2B1900DE6622 /* ContainerViewController.swift in Sources */,
				F7C742C21B052FE00057DD8E /* AppDelegate.swift in Sources */,
				F74D9E061B0C3AFF009A62CC /* SearchResultCell.swift in Sources */,
				F7C742E81B0532950057DD8E /* RegisterViewController.swift in Sources */,
				F7C742E61B0532490057DD8E /* MapViewController.swift in Sources */,
				F7C742E21B0531370057DD8E /* LocationManager.swift in Sources */,
				F7484C721B05429D00E82475 /* StanfordPlacesClient.swift in Sources */,
				F765760E1B056663002BA744 /* Building.swift in Sources */,
			);
			runOnlyForDeploymentPostprocessing = 0;
		};
		F7C742CD1B052FE00057DD8E /* Sources */ = {
			isa = PBXSourcesBuildPhase;
			buildActionMask = 2147483647;
			files = (
				F7C742D81B052FE00057DD8E /* StanfordMapTests.swift in Sources */,
			);
			runOnlyForDeploymentPostprocessing = 0;
		};
/* End PBXSourcesBuildPhase section */

/* Begin PBXTargetDependency section */
		F7C742D31B052FE00057DD8E /* PBXTargetDependency */ = {
			isa = PBXTargetDependency;
			target = F7C742BB1B052FE00057DD8E /* StanfordMap */;
			targetProxy = F7C742D21B052FE00057DD8E /* PBXContainerItemProxy */;
		};
/* End PBXTargetDependency section */

/* Begin PBXVariantGroup section */
		F7C742C51B052FE00057DD8E /* Main.storyboard */ = {
			isa = PBXVariantGroup;
			children = (
				F7C742C61B052FE00057DD8E /* Base */,
			);
			name = Main.storyboard;
			sourceTree = "<group>";
		};
		F7C742CA1B052FE00057DD8E /* LaunchScreen.xib */ = {
			isa = PBXVariantGroup;
			children = (
				F7C742CB1B052FE00057DD8E /* Base */,
			);
			name = LaunchScreen.xib;
			sourceTree = "<group>";
		};
/* End PBXVariantGroup section */

/* Begin XCBuildConfiguration section */
		F7C742D91B052FE00057DD8E /* Debug */ = {
			isa = XCBuildConfiguration;
			buildSettings = {
				ALWAYS_SEARCH_USER_PATHS = NO;
				CLANG_CXX_LANGUAGE_STANDARD = "gnu++0x";
				CLANG_CXX_LIBRARY = "libc++";
				CLANG_ENABLE_MODULES = YES;
				CLANG_ENABLE_OBJC_ARC = YES;
				CLANG_WARN_BOOL_CONVERSION = YES;
				CLANG_WARN_CONSTANT_CONVERSION = YES;
				CLANG_WARN_DIRECT_OBJC_ISA_USAGE = YES_ERROR;
				CLANG_WARN_EMPTY_BODY = YES;
				CLANG_WARN_ENUM_CONVERSION = YES;
				CLANG_WARN_INT_CONVERSION = YES;
				CLANG_WARN_OBJC_ROOT_CLASS = YES_ERROR;
				CLANG_WARN_UNREACHABLE_CODE = YES;
				CLANG_WARN__DUPLICATE_METHOD_MATCH = YES;
				"CODE_SIGN_IDENTITY[sdk=iphoneos*]" = "iPhone Developer";
				COPY_PHASE_STRIP = NO;
				DEBUG_INFORMATION_FORMAT = "dwarf-with-dsym";
				ENABLE_STRICT_OBJC_MSGSEND = YES;
				GCC_C_LANGUAGE_STANDARD = gnu99;
				GCC_DYNAMIC_NO_PIC = NO;
				GCC_NO_COMMON_BLOCKS = YES;
				GCC_OPTIMIZATION_LEVEL = 0;
				GCC_PREPROCESSOR_DEFINITIONS = (
					"DEBUG=1",
					"$(inherited)",
				);
				GCC_SYMBOLS_PRIVATE_EXTERN = NO;
				GCC_WARN_64_TO_32_BIT_CONVERSION = YES;
				GCC_WARN_ABOUT_RETURN_TYPE = YES_ERROR;
				GCC_WARN_UNDECLARED_SELECTOR = YES;
				GCC_WARN_UNINITIALIZED_AUTOS = YES_AGGRESSIVE;
				GCC_WARN_UNUSED_FUNCTION = YES;
				GCC_WARN_UNUSED_VARIABLE = YES;
				IPHONEOS_DEPLOYMENT_TARGET = 8.3;
				MTL_ENABLE_DEBUG_INFO = YES;
				ONLY_ACTIVE_ARCH = YES;
				SDKROOT = iphoneos;
				SWIFT_OPTIMIZATION_LEVEL = "-Onone";
				TARGETED_DEVICE_FAMILY = "1,2";
			};
			name = Debug;
		};
		F7C742DA1B052FE00057DD8E /* Release */ = {
			isa = XCBuildConfiguration;
			buildSettings = {
				ALWAYS_SEARCH_USER_PATHS = NO;
				CLANG_CXX_LANGUAGE_STANDARD = "gnu++0x";
				CLANG_CXX_LIBRARY = "libc++";
				CLANG_ENABLE_MODULES = YES;
				CLANG_ENABLE_OBJC_ARC = YES;
				CLANG_WARN_BOOL_CONVERSION = YES;
				CLANG_WARN_CONSTANT_CONVERSION = YES;
				CLANG_WARN_DIRECT_OBJC_ISA_USAGE = YES_ERROR;
				CLANG_WARN_EMPTY_BODY = YES;
				CLANG_WARN_ENUM_CONVERSION = YES;
				CLANG_WARN_INT_CONVERSION = YES;
				CLANG_WARN_OBJC_ROOT_CLASS = YES_ERROR;
				CLANG_WARN_UNREACHABLE_CODE = YES;
				CLANG_WARN__DUPLICATE_METHOD_MATCH = YES;
				"CODE_SIGN_IDENTITY[sdk=iphoneos*]" = "iPhone Developer";
				COPY_PHASE_STRIP = NO;
				DEBUG_INFORMATION_FORMAT = "dwarf-with-dsym";
				ENABLE_NS_ASSERTIONS = NO;
				ENABLE_STRICT_OBJC_MSGSEND = YES;
				GCC_C_LANGUAGE_STANDARD = gnu99;
				GCC_NO_COMMON_BLOCKS = YES;
				GCC_WARN_64_TO_32_BIT_CONVERSION = YES;
				GCC_WARN_ABOUT_RETURN_TYPE = YES_ERROR;
				GCC_WARN_UNDECLARED_SELECTOR = YES;
				GCC_WARN_UNINITIALIZED_AUTOS = YES_AGGRESSIVE;
				GCC_WARN_UNUSED_FUNCTION = YES;
				GCC_WARN_UNUSED_VARIABLE = YES;
				IPHONEOS_DEPLOYMENT_TARGET = 8.3;
				MTL_ENABLE_DEBUG_INFO = NO;
				SDKROOT = iphoneos;
				TARGETED_DEVICE_FAMILY = "1,2";
				VALIDATE_PRODUCT = YES;
			};
			name = Release;
		};
		F7C742DC1B052FE00057DD8E /* Debug */ = {
			isa = XCBuildConfiguration;
			baseConfigurationReference = 0DA35FEA3CAD789F56FB3B85 /* Pods.debug.xcconfig */;
			buildSettings = {
				ASSETCATALOG_COMPILER_APPICON_NAME = AppIcon;
				CLANG_ENABLE_MODULES = YES;
				HEADER_SEARCH_PATHS = (
					"$(inherited)",
					/Applications/Xcode.app/Contents/Developer/Toolchains/XcodeDefault.xctoolchain/usr/include,
					"/usr/include/libxml2/**",
				);
				INFOPLIST_FILE = StanfordMap/Info.plist;
				LD_RUNPATH_SEARCH_PATHS = "$(inherited) @executable_path/Frameworks";
				PRODUCT_NAME = "$(TARGET_NAME)";
				SWIFT_OBJC_BRIDGING_HEADER = "StanfordMap/StanfordMap-Bridging-Header.h";
				SWIFT_OPTIMIZATION_LEVEL = "-Onone";
			};
			name = Debug;
		};
		F7C742DD1B052FE00057DD8E /* Release */ = {
			isa = XCBuildConfiguration;
			baseConfigurationReference = 1784AF9D83B53D2407B5F019 /* Pods.release.xcconfig */;
			buildSettings = {
				ASSETCATALOG_COMPILER_APPICON_NAME = AppIcon;
				CLANG_ENABLE_MODULES = YES;
				HEADER_SEARCH_PATHS = (
					"$(inherited)",
					/Applications/Xcode.app/Contents/Developer/Toolchains/XcodeDefault.xctoolchain/usr/include,
					"/usr/include/libxml2/**",
				);
				INFOPLIST_FILE = StanfordMap/Info.plist;
				LD_RUNPATH_SEARCH_PATHS = "$(inherited) @executable_path/Frameworks";
				PRODUCT_NAME = "$(TARGET_NAME)";
				SWIFT_OBJC_BRIDGING_HEADER = "StanfordMap/StanfordMap-Bridging-Header.h";
			};
			name = Release;
		};
		F7C742DF1B052FE00057DD8E /* Debug */ = {
			isa = XCBuildConfiguration;
			buildSettings = {
				BUNDLE_LOADER = "$(TEST_HOST)";
				FRAMEWORK_SEARCH_PATHS = (
					"$(SDKROOT)/Developer/Library/Frameworks",
					"$(inherited)",
				);
				GCC_PREPROCESSOR_DEFINITIONS = (
					"DEBUG=1",
					"$(inherited)",
				);
				INFOPLIST_FILE = StanfordMapTests/Info.plist;
				LD_RUNPATH_SEARCH_PATHS = "$(inherited) @executable_path/Frameworks @loader_path/Frameworks";
				PRODUCT_NAME = "$(TARGET_NAME)";
				TEST_HOST = "$(BUILT_PRODUCTS_DIR)/StanfordMap.app/StanfordMap";
			};
			name = Debug;
		};
		F7C742E01B052FE00057DD8E /* Release */ = {
			isa = XCBuildConfiguration;
			buildSettings = {
				BUNDLE_LOADER = "$(TEST_HOST)";
				FRAMEWORK_SEARCH_PATHS = (
					"$(SDKROOT)/Developer/Library/Frameworks",
					"$(inherited)",
				);
				INFOPLIST_FILE = StanfordMapTests/Info.plist;
				LD_RUNPATH_SEARCH_PATHS = "$(inherited) @executable_path/Frameworks @loader_path/Frameworks";
				PRODUCT_NAME = "$(TARGET_NAME)";
				TEST_HOST = "$(BUILT_PRODUCTS_DIR)/StanfordMap.app/StanfordMap";
			};
			name = Release;
		};
/* End XCBuildConfiguration section */

/* Begin XCConfigurationList section */
		F7C742B71B052FE00057DD8E /* Build configuration list for PBXProject "StanfordMap" */ = {
			isa = XCConfigurationList;
			buildConfigurations = (
				F7C742D91B052FE00057DD8E /* Debug */,
				F7C742DA1B052FE00057DD8E /* Release */,
			);
			defaultConfigurationIsVisible = 0;
			defaultConfigurationName = Release;
		};
		F7C742DB1B052FE00057DD8E /* Build configuration list for PBXNativeTarget "StanfordMap" */ = {
			isa = XCConfigurationList;
			buildConfigurations = (
				F7C742DC1B052FE00057DD8E /* Debug */,
				F7C742DD1B052FE00057DD8E /* Release */,
			);
			defaultConfigurationIsVisible = 0;
			defaultConfigurationName = Release;
		};
		F7C742DE1B052FE00057DD8E /* Build configuration list for PBXNativeTarget "StanfordMapTests" */ = {
			isa = XCConfigurationList;
			buildConfigurations = (
				F7C742DF1B052FE00057DD8E /* Debug */,
				F7C742E01B052FE00057DD8E /* Release */,
			);
			defaultConfigurationIsVisible = 0;
			defaultConfigurationName = Release;
		};
/* End XCConfigurationList section */
	};
	rootObject = F7C742B41B052FDF0057DD8E /* Project object */;
}
